
Microsoft Visual Studio Solution File, Format Version 12.00
# Visual Studio 14
VisualStudioVersion = 14.0.25123.0
MinimumVisualStudioVersion = 10.0.40219.1
Project("{FAE04EC0-301F-11D3-BF4B-00C04F79EFBC}") = "PlayerSpotAPI", "PlayerSpotAPI\PlayerSpotAPI.csproj", "{A8A9469C-2422-4497-9DB4-81032237B16B}"
EndProject
Project("{FAE04EC0-301F-11D3-BF4B-00C04F79EFBC}") = "PlayerSpotAPI.Tests", "PlayerSpotAPI.Tests\PlayerSpotAPI.Tests.csproj", "{73924D12-B568-47C3-8801-840200BB622A}"
EndProject
Project("{2150E333-8FDC-42A3-9474-1A3956D46DE8}") = "1 - Presentation Layer", "1 - Presentation Layer", "{D407C578-0A25-42BD-A3B4-7095BA173BEA}"
EndProject
Project("{2150E333-8FDC-42A3-9474-1A3956D46DE8}") = "2 - Business Layer", "2 - Business Layer", "{9130E8B7-57BE-4567-8267-D095096C7C01}"
EndProject
Project("{2150E333-8FDC-42A3-9474-1A3956D46DE8}") = "3 - Data Layer", "3 - Data Layer", "{3558EADB-3A2C-4943-B40A-D12EA07D3382}"
EndProject
Project("{2150E333-8FDC-42A3-9474-1A3956D46DE8}") = "4 - Infraestructure Layer", "4 - Infraestructure Layer", "{094212B0-5DD8-42EC-B880-5337EB74EE44}"
EndProject
Project("{FAE04EC0-301F-11D3-BF4B-00C04F79EFBC}") = "PlayerSpot.Business", "PlayerSpot.Business\PlayerSpot.Business.csproj", "{833BB24E-F85C-469C-B362-08979B467FF0}"
EndProject
Project("{FAE04EC0-301F-11D3-BF4B-00C04F79EFBC}") = "PlayerSpot.Data", "PlayerSpot.Data\PlayerSpot.Data.csproj", "{907F9058-0062-474B-BBC6-E8E20F40E76C}"
EndProject
Project("{FAE04EC0-301F-11D3-BF4B-00C04F79EFBC}") = "PlayerSpot.Twitchtv.ApiServices", "PlayerSpot.Twitchtv.ApiServices\PlayerSpot.Twitchtv.ApiServices.csproj", "{787F8FAF-5869-4C04-AF8B-4036010F56BB}"
EndProject
Project("{FAE04EC0-301F-11D3-BF4B-00C04F79EFBC}") = "PlayerSpot.DataLoader", "DataLoader\PlayerSpot.DataLoader.csproj", "{7E815E44-B5BA-469D-9204-7D665FFFD080}"
EndProject
Project("{FAE04EC0-301F-11D3-BF4B-00C04F79EFBC}") = "PlayerSpot.LoL.ApiServices", "PlayerSpot.LoL.ApiServices\PlayerSpot.LoL.ApiServices.csproj", "{5E1E508D-1264-4195-B6F4-4B23579901B3}"
EndProject
Project("{FAE04EC0-301F-11D3-BF4B-00C04F79EFBC}") = "PlayerSpot.DataAnalysis", "PlayerSpot.DataAnalysis\PlayerSpot.DataAnalysis.csproj", "{73BE4E3F-AEA5-4F5A-8132-8C5BF1FE712E}"
EndProject
Project("{FAE04EC0-301F-11D3-BF4B-00C04F79EFBC}") = "PlayerSpot.DataAnalysis.Tests", "PlayerSpot.DataAnalysis.Tests\PlayerSpot.DataAnalysis.Tests.csproj", "{0F6B999B-F49B-42DC-8B4E-E82B2D3FDA87}"
EndProject
Project("{FAE04EC0-301F-11D3-BF4B-00C04F79EFBC}") = "PlayerSpot.Crawler", "PlayerSpot.Crawler\PlayerSpot.Crawler.csproj", "{65E0F84F-DF41-4D42-A502-1B3B96DCCA76}"
EndProject
Project("{FAE04EC0-301F-11D3-BF4B-00C04F79EFBC}") = "PlayerSpot.DataLoader2", "PlayerSpot.DataLoader2\PlayerSpot.DataLoader2.csproj", "{538F9C93-319B-4939-AB15-C2D767A6A24E}"
EndProject
Global
	GlobalSection(SolutionConfigurationPlatforms) = preSolution
		Debug|Any CPU = Debug|Any CPU
		Release|Any CPU = Release|Any CPU
	EndGlobalSection
	GlobalSection(ProjectConfigurationPlatforms) = postSolution
		{A8A9469C-2422-4497-9DB4-81032237B16B}.Debug|Any CPU.ActiveCfg = Debug|Any CPU
		{A8A9469C-2422-4497-9DB4-81032237B16B}.Debug|Any CPU.Build.0 = Debug|Any CPU
		{A8A9469C-2422-4497-9DB4-81032237B16B}.Release|Any CPU.ActiveCfg = Release|Any CPU
		{A8A9469C-2422-4497-9DB4-81032237B16B}.Release|Any CPU.Build.0 = Release|Any CPU
		{73924D12-B568-47C3-8801-840200BB622A}.Debug|Any CPU.ActiveCfg = Debug|Any CPU
		{73924D12-B568-47C3-8801-840200BB622A}.Debug|Any CPU.Build.0 = Debug|Any CPU
		{73924D12-B568-47C3-8801-840200BB622A}.Release|Any CPU.ActiveCfg = Release|Any CPU
		{73924D12-B568-47C3-8801-840200BB622A}.Release|Any CPU.Build.0 = Release|Any CPU
		{833BB24E-F85C-469C-B362-08979B467FF0}.Debug|Any CPU.ActiveCfg = Debug|Any CPU
		{833BB24E-F85C-469C-B362-08979B467FF0}.Debug|Any CPU.Build.0 = Debug|Any CPU
		{833BB24E-F85C-469C-B362-08979B467FF0}.Release|Any CPU.ActiveCfg = Release|Any CPU
		{833BB24E-F85C-469C-B362-08979B467FF0}.Release|Any CPU.Build.0 = Release|Any CPU
		{907F9058-0062-474B-BBC6-E8E20F40E76C}.Debug|Any CPU.ActiveCfg = Debug|Any CPU
		{907F9058-0062-474B-BBC6-E8E20F40E76C}.Debug|Any CPU.Build.0 = Debug|Any CPU
		{907F9058-0062-474B-BBC6-E8E20F40E76C}.Release|Any CPU.ActiveCfg = Release|Any CPU
		{907F9058-0062-474B-BBC6-E8E20F40E76C}.Release|Any CPU.Build.0 = Release|Any CPU
		{787F8FAF-5869-4C04-AF8B-4036010F56BB}.Debug|Any CPU.ActiveCfg = Debug|Any CPU
		{787F8FAF-5869-4C04-AF8B-4036010F56BB}.Debug|Any CPU.Build.0 = Debug|Any CPU
		{787F8FAF-5869-4C04-AF8B-4036010F56BB}.Release|Any CPU.ActiveCfg = Release|Any CPU
		{787F8FAF-5869-4C04-AF8B-4036010F56BB}.Release|Any CPU.Build.0 = Release|Any CPU
		{7E815E44-B5BA-469D-9204-7D665FFFD080}.Debug|Any CPU.ActiveCfg = Debug|Any CPU
		{7E815E44-B5BA-469D-9204-7D665FFFD080}.Debug|Any CPU.Build.0 = Debug|Any CPU
		{7E815E44-B5BA-469D-9204-7D665FFFD080}.Release|Any CPU.ActiveCfg = Release|Any CPU
		{7E815E44-B5BA-469D-9204-7D665FFFD080}.Release|Any CPU.Build.0 = Release|Any CPU
		{5E1E508D-1264-4195-B6F4-4B23579901B3}.Debug|Any CPU.ActiveCfg = Debug|Any CPU
		{5E1E508D-1264-4195-B6F4-4B23579901B3}.Debug|Any CPU.Build.0 = Debug|Any CPU
		{5E1E508D-1264-4195-B6F4-4B23579901B3}.Release|Any CPU.ActiveCfg = Release|Any CPU
		{5E1E508D-1264-4195-B6F4-4B23579901B3}.Release|Any CPU.Build.0 = Release|Any CPU
		{73BE4E3F-AEA5-4F5A-8132-8C5BF1FE712E}.Debug|Any CPU.ActiveCfg = Debug|Any CPU
		{73BE4E3F-AEA5-4F5A-8132-8C5BF1FE712E}.Debug|Any CPU.Build.0 = Debug|Any CPU
		{73BE4E3F-AEA5-4F5A-8132-8C5BF1FE712E}.Release|Any CPU.ActiveCfg = Release|Any CPU
		{73BE4E3F-AEA5-4F5A-8132-8C5BF1FE712E}.Release|Any CPU.Build.0 = Release|Any CPU
		{0F6B999B-F49B-42DC-8B4E-E82B2D3FDA87}.Debug|Any CPU.ActiveCfg = Debug|Any CPU
		{0F6B999B-F49B-42DC-8B4E-E82B2D3FDA87}.Debug|Any CPU.Build.0 = Debug|Any CPU
		{0F6B999B-F49B-42DC-8B4E-E82B2D3FDA87}.Release|Any CPU.ActiveCfg = Release|Any CPU
		{0F6B999B-F49B-42DC-8B4E-E82B2D3FDA87}.Release|Any CPU.Build.0 = Release|Any CPU
		{65E0F84F-DF41-4D42-A502-1B3B96DCCA76}.Debug|Any CPU.ActiveCfg = Debug|Any CPU
		{65E0F84F-DF41-4D42-A502-1B3B96DCCA76}.Debug|Any CPU.Build.0 = Debug|Any CPU
		{65E0F84F-DF41-4D42-A502-1B3B96DCCA76}.Release|Any CPU.ActiveCfg = Release|Any CPU
		{65E0F84F-DF41-4D42-A502-1B3B96DCCA76}.Release|Any CPU.Build.0 = Release|Any CPU
		{538F9C93-319B-4939-AB15-C2D767A6A24E}.Debug|Any CPU.ActiveCfg = Debug|Any CPU
		{538F9C93-319B-4939-AB15-C2D767A6A24E}.Debug|Any CPU.Build.0 = Debug|Any CPU
		{538F9C93-319B-4939-AB15-C2D767A6A24E}.Release|Any CPU.ActiveCfg = Release|Any CPU
		{538F9C93-319B-4939-AB15-C2D767A6A24E}.Release|Any CPU.Build.0 = Release|Any CPU
	EndGlobalSection
	GlobalSection(SolutionProperties) = preSolution
		HideSolutionNode = FALSE
	EndGlobalSection
	GlobalSection(NestedProjects) = preSolution
		{A8A9469C-2422-4497-9DB4-81032237B16B} = {D407C578-0A25-42BD-A3B4-7095BA173BEA}
		{73924D12-B568-47C3-8801-840200BB622A} = {094212B0-5DD8-42EC-B880-5337EB74EE44}
		{833BB24E-F85C-469C-B362-08979B467FF0} = {9130E8B7-57BE-4567-8267-D095096C7C01}
		{907F9058-0062-474B-BBC6-E8E20F40E76C} = {3558EADB-3A2C-4943-B40A-D12EA07D3382}
		{787F8FAF-5869-4C04-AF8B-4036010F56BB} = {3558EADB-3A2C-4943-B40A-D12EA07D3382}
		{7E815E44-B5BA-469D-9204-7D665FFFD080} = {3558EADB-3A2C-4943-B40A-D12EA07D3382}
		{5E1E508D-1264-4195-B6F4-4B23579901B3} = {3558EADB-3A2C-4943-B40A-D12EA07D3382}
		{73BE4E3F-AEA5-4F5A-8132-8C5BF1FE712E} = {9130E8B7-57BE-4567-8267-D095096C7C01}
		{0F6B999B-F49B-42DC-8B4E-E82B2D3FDA87} = {094212B0-5DD8-42EC-B880-5337EB74EE44}
		{65E0F84F-DF41-4D42-A502-1B3B96DCCA76} = {3558EADB-3A2C-4943-B40A-D12EA07D3382}
		{538F9C93-319B-4939-AB15-C2D767A6A24E} = {3558EADB-3A2C-4943-B40A-D12EA07D3382}
	EndGlobalSection
EndGlobal
